
Microsoft Visual Studio Solution File, Format Version 12.00
# Visual Studio Version 16
VisualStudioVersion = 16.0.29509.3
MinimumVisualStudioVersion = 10.0.40219.1
Project("{FAE04EC0-301F-11D3-BF4B-00C04F79EFBC}") = "Saharok", "Saharok.csproj", "{30E64D33-BA24-4F1A-A302-60CFBD6D306C}"
EndProject
Global
	GlobalSection(SolutionConfigurationPlatforms) = preSolution
		Debug|Any CPU = Debug|Any CPU
		Release|Any CPU = Release|Any CPU
	EndGlobalSection
	GlobalSection(ProjectConfigurationPlatforms) = postSolution
		{30E64D33-BA24-4F1A-A302-60CFBD6D306C}.Debug|Any CPU.ActiveCfg = Debug|Any CPU
		{30E64D33-BA24-4F1A-A302-60CFBD6D306C}.Debug|Any CPU.Build.0 = Debug|Any CPU
		{30E64D33-BA24-4F1A-A302-60CFBD6D306C}.Release|Any CPU.ActiveCfg = Release|Any CPU
		{30E64D33-BA24-4F1A-A302-60CFBD6D306C}.Release|Any CPU.Build.0 = Release|Any CPU
	EndGlobalSection
	GlobalSection(SolutionProperties) = preSolution
		HideSolutionNode = FALSE
	EndGlobalSection
	GlobalSection(ExtensibilityGlobals) = postSolution
		SolutionGuid = {76DC3E60-1045-45E6-B902-C2C25A95BCBE}
	EndGlobalSection
EndGlobal
